
Microsoft Visual Studio Solution File, Format Version 12.00
# Visual Studio 14
VisualStudioVersion = 14.0.22609.0
MinimumVisualStudioVersion = 10.0.40219.1
Project("{FAE04EC0-301F-11D3-BF4B-00C04F79EFBC}") = "Chapter02", "Chapter02\Chapter02.csproj", "{094857E5-25C3-4C5C-BCF4-CD4D26A06B21}"
EndProject
Project("{FAE04EC0-301F-11D3-BF4B-00C04F79EFBC}") = "Calculator", "Calculator\Calculator.csproj", "{D0E29346-1793-4ACF-A39D-70778FCFEFB7}"
EndProject
Global
	GlobalSection(SolutionConfigurationPlatforms) = preSolution
		Debug|Any CPU = Debug|Any CPU
		Release|Any CPU = Release|Any CPU
	EndGlobalSection
	GlobalSection(ProjectConfigurationPlatforms) = postSolution
		{094857E5-25C3-4C5C-BCF4-CD4D26A06B21}.Debug|Any CPU.ActiveCfg = Debug|Any CPU
		{094857E5-25C3-4C5C-BCF4-CD4D26A06B21}.Debug|Any CPU.Build.0 = Debug|Any CPU
		{094857E5-25C3-4C5C-BCF4-CD4D26A06B21}.Release|Any CPU.ActiveCfg = Release|Any CPU
		{094857E5-25C3-4C5C-BCF4-CD4D26A06B21}.Release|Any CPU.Build.0 = Release|Any CPU
		{D0E29346-1793-4ACF-A39D-70778FCFEFB7}.Debug|Any CPU.ActiveCfg = Debug|Any CPU
		{D0E29346-1793-4ACF-A39D-70778FCFEFB7}.Debug|Any CPU.Build.0 = Debug|Any CPU
		{D0E29346-1793-4ACF-A39D-70778FCFEFB7}.Release|Any CPU.ActiveCfg = Release|Any CPU
		{D0E29346-1793-4ACF-A39D-70778FCFEFB7}.Release|Any CPU.Build.0 = Release|Any CPU
	EndGlobalSection
	GlobalSection(SolutionProperties) = preSolution
		HideSolutionNode = FALSE
	EndGlobalSection
EndGlobal
