
Microsoft Visual Studio Solution File, Format Version 12.00
# Visual Studio 14
VisualStudioVersion = 14.0.22609.0
MinimumVisualStudioVersion = 10.0.40219.1
Project("{FAE04EC0-301F-11D3-BF4B-00C04F79EFBC}") = "Greetings", "Greetings\Greetings.csproj", "{22E226EB-FEEA-4D78-A2FF-F6D19EFBF2F3}"
EndProject
Project("{FAE04EC0-301F-11D3-BF4B-00C04F79EFBC}") = "Namespaces", "Namespaces\Namespaces.csproj", "{04DF8D85-8724-4723-B312-CAAEB40D2A76}"
EndProject
Global
	GlobalSection(SolutionConfigurationPlatforms) = preSolution
		Debug|Any CPU = Debug|Any CPU
		Release|Any CPU = Release|Any CPU
	EndGlobalSection
	GlobalSection(ProjectConfigurationPlatforms) = postSolution
		{22E226EB-FEEA-4D78-A2FF-F6D19EFBF2F3}.Debug|Any CPU.ActiveCfg = Debug|Any CPU
		{22E226EB-FEEA-4D78-A2FF-F6D19EFBF2F3}.Debug|Any CPU.Build.0 = Debug|Any CPU
		{22E226EB-FEEA-4D78-A2FF-F6D19EFBF2F3}.Release|Any CPU.ActiveCfg = Release|Any CPU
		{22E226EB-FEEA-4D78-A2FF-F6D19EFBF2F3}.Release|Any CPU.Build.0 = Release|Any CPU
		{04DF8D85-8724-4723-B312-CAAEB40D2A76}.Debug|Any CPU.ActiveCfg = Debug|Any CPU
		{04DF8D85-8724-4723-B312-CAAEB40D2A76}.Debug|Any CPU.Build.0 = Debug|Any CPU
		{04DF8D85-8724-4723-B312-CAAEB40D2A76}.Release|Any CPU.ActiveCfg = Release|Any CPU
		{04DF8D85-8724-4723-B312-CAAEB40D2A76}.Release|Any CPU.Build.0 = Release|Any CPU
	EndGlobalSection
	GlobalSection(SolutionProperties) = preSolution
		HideSolutionNode = FALSE
	EndGlobalSection
EndGlobal
